# THIS IS AN AUTOGENERATED FILE. DO NOT EDIT THIS FILE DIRECTLY.
# yarn lockfile v1


async-limiter@~1.0.0:
  version "1.0.0"
  resolved "https://registry.yarnpkg.com/async-limiter/-/async-limiter-1.0.0.tgz#78faed8c3d074ab81f22b4e985d79e8738f720f8"

dotenv@^7.0.0:
  version "7.0.0"
  resolved "https://registry.yarnpkg.com/dotenv/-/dotenv-7.0.0.tgz#a2be3cd52736673206e8a85fb5210eea29628e7c"

graceful-fs@^4.1.3:
  version "4.1.15"
  resolved "https://registry.yarnpkg.com/graceful-fs/-/graceful-fs-4.1.15.tgz#ffb703e1066e8a0eeaa4c8b80ba9253eeefbfb00"

is-promise@^2.1.0:
  version "2.1.0"
  resolved "https://registry.yarnpkg.com/is-promise/-/is-promise-2.1.0.tgz#79a2a9ece7f096e80f36d2b2f3bc16c1ff4bf3fa"

lodash@4:
  version "4.17.11"
  resolved "https://registry.yarnpkg.com/lodash/-/lodash-4.17.11.tgz#b39ea6229ef607ecd89e2c8df12536891cac9b8d"

lowdb@^1.0.0:
  version "1.0.0"
  resolved "https://registry.yarnpkg.com/lowdb/-/lowdb-1.0.0.tgz#5243be6b22786ccce30e50c9a33eac36b20c8064"
  dependencies:
    graceful-fs "^4.1.3"
    is-promise "^2.1.0"
    lodash "4"
    pify "^3.0.0"
    steno "^0.4.1"

node-gpsd@^0.3.0:
  version "0.3.0"
  resolved "https://registry.yarnpkg.com/node-gpsd/-/node-gpsd-0.3.0.tgz#4637ab0517d7018c820ed1d333fce2acf681c3d5"

pify@^3.0.0:
  version "3.0.0"
  resolved "https://registry.yarnpkg.com/pify/-/pify-3.0.0.tgz#e5a4acd2c101fdf3d9a4d07f0dbc4db49dd28176"

prettier@^1.17.0:
  version "1.17.0"
  resolved "https://registry.yarnpkg.com/prettier/-/prettier-1.17.0.tgz#53b303676eed22cc14a9f0cec09b477b3026c008"

reconnecting-websocket@^4.1.10:
  version "4.1.10"
  resolved "https://registry.yarnpkg.com/reconnecting-websocket/-/reconnecting-websocket-4.1.10.tgz#15485b5c5266ab6dd99187e23e8da207d24c4270"

steno@^0.4.1:
  version "0.4.4"
  resolved "https://registry.yarnpkg.com/steno/-/steno-0.4.4.tgz#071105bdfc286e6615c0403c27e9d7b5dcb855cb"
  dependencies:
    graceful-fs "^4.1.3"

ws@^6.2.1:
  version "6.2.1"
  resolved "https://registry.yarnpkg.com/ws/-/ws-6.2.1.tgz#442fdf0a47ed64f59b6a5d8ff130f4748ed524fb"
  dependencies:
    async-limiter "~1.0.0"
